// !$*UTF8*$!
{
	archiveVersion = 1;
	classes = {
	};
	objectVersion = 46;
	objects = {

/* Begin PBXBuildFile section */
		A565534C1CB4ED0A00B806A1 /* main.m in Sources */ = {isa = PBXBuildFile; fileRef = A565534B1CB4ED0A00B806A1 /* main.m */; };
		A565534F1CB4ED0A00B806A1 /* AppDelegate.m in Sources */ = {isa = PBXBuildFile; fileRef = A565534E1CB4ED0A00B806A1 /* AppDelegate.m */; };
		A56553521CB4ED0A00B806A1 /* ViewController.m in Sources */ = {isa = PBXBuildFile; fileRef = A56553511CB4ED0A00B806A1 /* ViewController.m */; };
		A56553551CB4ED0A00B806A1 /* Main.storyboard in Resources */ = {isa = PBXBuildFile; fileRef = A56553531CB4ED0A00B806A1 /* Main.storyboard */; };
		A56553571CB4ED0A00B806A1 /* Assets.xcassets in Resources */ = {isa = PBXBuildFile; fileRef = A56553561CB4ED0A00B806A1 /* Assets.xcassets */; };
		A565535A1CB4ED0A00B806A1 /* LaunchScreen.storyboard in Resources */ = {isa = PBXBuildFile; fileRef = A56553581CB4ED0A00B806A1 /* LaunchScreen.storyboard */; };
		A56553691CB4ED3200B806A1 /* main.m in Sources */ = {isa = PBXBuildFile; fileRef = A56553681CB4ED3200B806A1 /* main.m */; };
		A565536C1CB4ED3200B806A1 /* AppDelegate.m in Sources */ = {isa = PBXBuildFile; fileRef = A565536B1CB4ED3200B806A1 /* AppDelegate.m */; };
		A565536F1CB4ED3200B806A1 /* MasterViewController.m in Sources */ = {isa = PBXBuildFile; fileRef = A565536E1CB4ED3200B806A1 /* MasterViewController.m */; };
		A56553721CB4ED3200B806A1 /* DetailViewController.m in Sources */ = {isa = PBXBuildFile; fileRef = A56553711CB4ED3200B806A1 /* DetailViewController.m */; };
		A56553751CB4ED3200B806A1 /* Main.storyboard in Resources */ = {isa = PBXBuildFile; fileRef = A56553731CB4ED3200B806A1 /* Main.storyboard */; };
		A56553771CB4ED3200B806A1 /* Assets.xcassets in Resources */ = {isa = PBXBuildFile; fileRef = A56553761CB4ED3200B806A1 /* Assets.xcassets */; };
		A565537A1CB4ED3200B806A1 /* LaunchScreen.storyboard in Resources */ = {isa = PBXBuildFile; fileRef = A56553781CB4ED3200B806A1 /* LaunchScreen.storyboard */; };
/* End PBXBuildFile section */

/* Begin PBXFileReference section */
		A56553471CB4ED0A00B806A1 /* Toys.app */ = {isa = PBXFileReference; explicitFileType = wrapper.application; includeInIndex = 0; path = Toys.app; sourceTree = BUILT_PRODUCTS_DIR; };
		A565534B1CB4ED0A00B806A1 /* main.m */ = {isa = PBXFileReference; lastKnownFileType = sourcecode.c.objc; path = main.m; sourceTree = "<group>"; };
		A565534D1CB4ED0A00B806A1 /* AppDelegate.h */ = {isa = PBXFileReference; lastKnownFileType = sourcecode.c.h; path = AppDelegate.h; sourceTree = "<group>"; };
		A565534E1CB4ED0A00B806A1 /* AppDelegate.m */ = {isa = PBXFileReference; lastKnownFileType = sourcecode.c.objc; path = AppDelegate.m; sourceTree = "<group>"; };
		A56553501CB4ED0A00B806A1 /* ViewController.h */ = {isa = PBXFileReference; lastKnownFileType = sourcecode.c.h; path = ViewController.h; sourceTree = "<group>"; };
		A56553511CB4ED0A00B806A1 /* ViewController.m */ = {isa = PBXFileReference; lastKnownFileType = sourcecode.c.objc; path = ViewController.m; sourceTree = "<group>"; };
		A56553541CB4ED0A00B806A1 /* Base */ = {isa = PBXFileReference; lastKnownFileType = file.storyboard; name = Base; path = Base.lproj/Main.storyboard; sourceTree = "<group>"; };
		A56553561CB4ED0A00B806A1 /* Assets.xcassets */ = {isa = PBXFileReference; lastKnownFileType = folder.assetcatalog; path = Assets.xcassets; sourceTree = "<group>"; };
		A56553591CB4ED0A00B806A1 /* Base */ = {isa = PBXFileReference; lastKnownFileType = file.storyboard; name = Base; path = Base.lproj/LaunchScreen.storyboard; sourceTree = "<group>"; };
		A565535B1CB4ED0A00B806A1 /* Info.plist */ = {isa = PBXFileReference; lastKnownFileType = text.plist.xml; path = Info.plist; sourceTree = "<group>"; };
		A56553651CB4ED3200B806A1 /* Master-Detail With Slide.app */ = {isa = PBXFileReference; explicitFileType = wrapper.application; includeInIndex = 0; path = "Master-Detail With Slide.app"; sourceTree = BUILT_PRODUCTS_DIR; };
		A56553681CB4ED3200B806A1 /* main.m */ = {isa = PBXFileReference; lastKnownFileType = sourcecode.c.objc; path = main.m; sourceTree = "<group>"; };
		A565536A1CB4ED3200B806A1 /* AppDelegate.h */ = {isa = PBXFileReference; lastKnownFileType = sourcecode.c.h; path = AppDelegate.h; sourceTree = "<group>"; };
		A565536B1CB4ED3200B806A1 /* AppDelegate.m */ = {isa = PBXFileReference; lastKnownFileType = sourcecode.c.objc; path = AppDelegate.m; sourceTree = "<group>"; };
		A565536D1CB4ED3200B806A1 /* MasterViewController.h */ = {isa = PBXFileReference; lastKnownFileType = sourcecode.c.h; path = MasterViewController.h; sourceTree = "<group>"; };
		A565536E1CB4ED3200B806A1 /* MasterViewController.m */ = {isa = PBXFileReference; lastKnownFileType = sourcecode.c.objc; path = MasterViewController.m; sourceTree = "<group>"; };
		A56553701CB4ED3200B806A1 /* DetailViewController.h */ = {isa = PBXFileReference; lastKnownFileType = sourcecode.c.h; path = DetailViewController.h; sourceTree = "<group>"; };
		A56553711CB4ED3200B806A1 /* DetailViewController.m */ = {isa = PBXFileReference; lastKnownFileType = sourcecode.c.objc; path = DetailViewController.m; sourceTree = "<group>"; };
		A56553741CB4ED3200B806A1 /* Base */ = {isa = PBXFileReference; lastKnownFileType = file.storyboard; name = Base; path = Base.lproj/Main.storyboard; sourceTree = "<group>"; };
		A56553761CB4ED3200B806A1 /* Assets.xcassets */ = {isa = PBXFileReference; lastKnownFileType = folder.assetcatalog; path = Assets.xcassets; sourceTree = "<group>"; };
		A56553791CB4ED3200B806A1 /* Base */ = {isa = PBXFileReference; lastKnownFileType = file.storyboard; name = Base; path = Base.lproj/LaunchScreen.storyboard; sourceTree = "<group>"; };
		A565537B1CB4ED3200B806A1 /* Info.plist */ = {isa = PBXFileReference; lastKnownFileType = text.plist.xml; path = Info.plist; sourceTree = "<group>"; };
/* End PBXFileReference section */

/* Begin PBXFrameworksBuildPhase section */
		A56553441CB4ED0A00B806A1 /* Frameworks */ = {
			isa = PBXFrameworksBuildPhase;
			buildActionMask = 2147483647;
			files = (
			);
			runOnlyForDeploymentPostprocessing = 0;
		};
		A56553621CB4ED3200B806A1 /* Frameworks */ = {
			isa = PBXFrameworksBuildPhase;
			buildActionMask = 2147483647;
			files = (
			);
			runOnlyForDeploymentPostprocessing = 0;
		};
/* End PBXFrameworksBuildPhase section */

/* Begin PBXGroup section */
		A565533E1CB4ED0A00B806A1 = {
			isa = PBXGroup;
			children = (
				A56553491CB4ED0A00B806A1 /* Toys */,
				A56553661CB4ED3200B806A1 /* Master-Detail With Slide */,
				A56553481CB4ED0A00B806A1 /* Products */,
			);
			sourceTree = "<group>";
		};
		A56553481CB4ED0A00B806A1 /* Products */ = {
			isa = PBXGroup;
			children = (
				A56553471CB4ED0A00B806A1 /* Toys.app */,
				A56553651CB4ED3200B806A1 /* Master-Detail With Slide.app */,
			);
			name = Products;
			sourceTree = "<group>";
		};
		A56553491CB4ED0A00B806A1 /* Toys */ = {
			isa = PBXGroup;
			children = (
				A565534D1CB4ED0A00B806A1 /* AppDelegate.h */,
				A565534E1CB4ED0A00B806A1 /* AppDelegate.m */,
				A56553501CB4ED0A00B806A1 /* ViewController.h */,
				A56553511CB4ED0A00B806A1 /* ViewController.m */,
				A56553531CB4ED0A00B806A1 /* Main.storyboard */,
				A56553561CB4ED0A00B806A1 /* Assets.xcassets */,
				A56553581CB4ED0A00B806A1 /* LaunchScreen.storyboard */,
				A565535B1CB4ED0A00B806A1 /* Info.plist */,
				A565534A1CB4ED0A00B806A1 /* Supporting Files */,
			);
			path = Toys;
			sourceTree = "<group>";
		};
		A565534A1CB4ED0A00B806A1 /* Supporting Files */ = {
			isa = PBXGroup;
			children = (
				A565534B1CB4ED0A00B806A1 /* main.m */,
			);
			name = "Supporting Files";
			sourceTree = "<group>";
		};
		A56553661CB4ED3200B806A1 /* Master-Detail With Slide */ = {
			isa = PBXGroup;
			children = (
				A565536A1CB4ED3200B806A1 /* AppDelegate.h */,
				A565536B1CB4ED3200B806A1 /* AppDelegate.m */,
				A565536D1CB4ED3200B806A1 /* MasterViewController.h */,
				A565536E1CB4ED3200B806A1 /* MasterViewController.m */,
				A56553701CB4ED3200B806A1 /* DetailViewController.h */,
				A56553711CB4ED3200B806A1 /* DetailViewController.m */,
				A56553731CB4ED3200B806A1 /* Main.storyboard */,
				A56553761CB4ED3200B806A1 /* Assets.xcassets */,
				A56553781CB4ED3200B806A1 /* LaunchScreen.storyboard */,
				A565537B1CB4ED3200B806A1 /* Info.plist */,
				A56553671CB4ED3200B806A1 /* Supporting Files */,
			);
			path = "Master-Detail With Slide";
			sourceTree = "<group>";
		};
		A56553671CB4ED3200B806A1 /* Supporting Files */ = {
			isa = PBXGroup;
			children = (
				A56553681CB4ED3200B806A1 /* main.m */,
			);
			name = "Supporting Files";
			sourceTree = "<group>";
		};
/* End PBXGroup section */

/* Begin PBXNativeTarget section */
		A56553461CB4ED0A00B806A1 /* Toys */ = {
			isa = PBXNativeTarget;
			buildConfigurationList = A565535E1CB4ED0A00B806A1 /* Build configuration list for PBXNativeTarget "Toys" */;
			buildPhases = (
				A56553431CB4ED0A00B806A1 /* Sources */,
				A56553441CB4ED0A00B806A1 /* Frameworks */,
				A56553451CB4ED0A00B806A1 /* Resources */,
			);
			buildRules = (
			);
			dependencies = (
			);
			name = Toys;
			productName = Toys;
			productReference = A56553471CB4ED0A00B806A1 /* Toys.app */;
			productType = "com.apple.product-type.application";
		};
		A56553641CB4ED3200B806A1 /* Master-Detail With Slide */ = {
			isa = PBXNativeTarget;
			buildConfigurationList = A565537C1CB4ED3200B806A1 /* Build configuration list for PBXNativeTarget "Master-Detail With Slide" */;
			buildPhases = (
				A56553611CB4ED3200B806A1 /* Sources */,
				A56553621CB4ED3200B806A1 /* Frameworks */,
				A56553631CB4ED3200B806A1 /* Resources */,
			);
			buildRules = (
			);
			dependencies = (
			);
			name = "Master-Detail With Slide";
			productName = "Master-Detail With Slide";
			productReference = A56553651CB4ED3200B806A1 /* Master-Detail With Slide.app */;
			productType = "com.apple.product-type.application";
		};
/* End PBXNativeTarget section */

/* Begin PBXProject section */
		A565533F1CB4ED0A00B806A1 /* Project object */ = {
			isa = PBXProject;
			attributes = {
				LastUpgradeCheck = 0730;
				ORGANIZATIONNAME = Zeek;
				TargetAttributes = {
					A56553461CB4ED0A00B806A1 = {
						CreatedOnToolsVersion = 7.3;
					};
					A56553641CB4ED3200B806A1 = {
						CreatedOnToolsVersion = 7.3;
					};
				};
			};
			buildConfigurationList = A56553421CB4ED0A00B806A1 /* Build configuration list for PBXProject "Toys" */;
			compatibilityVersion = "Xcode 3.2";
			developmentRegion = English;
			hasScannedForEncodings = 0;
			knownRegions = (
				en,
				Base,
			);
			mainGroup = A565533E1CB4ED0A00B806A1;
			productRefGroup = A56553481CB4ED0A00B806A1 /* Products */;
			projectDirPath = "";
			projectRoot = "";
			targets = (
				A56553461CB4ED0A00B806A1 /* Toys */,
				A56553641CB4ED3200B806A1 /* Master-Detail With Slide */,
			);
		};
/* End PBXProject section */

/* Begin PBXResourcesBuildPhase section */
		A56553451CB4ED0A00B806A1 /* Resources */ = {
			isa = PBXResourcesBuildPhase;
			buildActionMask = 2147483647;
			files = (
				A565535A1CB4ED0A00B806A1 /* LaunchScreen.storyboard in Resources */,
				A56553571CB4ED0A00B806A1 /* Assets.xcassets in Resources */,
				A56553551CB4ED0A00B806A1 /* Main.storyboard in Resources */,
			);
			runOnlyForDeploymentPostprocessing = 0;
		};
		A56553631CB4ED3200B806A1 /* Resources */ = {
			isa = PBXResourcesBuildPhase;
			buildActionMask = 2147483647;
			files = (
				A565537A1CB4ED3200B806A1 /* LaunchScreen.storyboard in Resources */,
				A56553771CB4ED3200B806A1 /* Assets.xcassets in Resources */,
				A56553751CB4ED3200B806A1 /* Main.storyboard in Resources */,
			);
			runOnlyForDeploymentPostprocessing = 0;
		};
/* End PBXResourcesBuildPhase section */

/* Begin PBXSourcesBuildPhase section */
		A56553431CB4ED0A00B806A1 /* Sources */ = {
			isa = PBXSourcesBuildPhase;
			buildActionMask = 2147483647;
			files = (
				A56553521CB4ED0A00B806A1 /* ViewController.m in Sources */,
				A565534F1CB4ED0A00B806A1 /* AppDelegate.m in Sources */,
				A565534C1CB4ED0A00B806A1 /* main.m in Sources */,
			);
			runOnlyForDeploymentPostprocessing = 0;
		};
		A56553611CB4ED3200B806A1 /* Sources */ = {
			isa = PBXSourcesBuildPhase;
			buildActionMask = 2147483647;
			files = (
				A565536C1CB4ED3200B806A1 /* AppDelegate.m in Sources */,
				A565536F1CB4ED3200B806A1 /* MasterViewController.m in Sources */,
				A56553691CB4ED3200B806A1 /* main.m in Sources */,
				A56553721CB4ED3200B806A1 /* DetailViewController.m in Sources */,
			);
			runOnlyForDeploymentPostprocessing = 0;
		};
/* End PBXSourcesBuildPhase section */

/* Begin PBXVariantGroup section */
		A56553531CB4ED0A00B806A1 /* Main.storyboard */ = {
			isa = PBXVariantGroup;
			children = (
				A56553541CB4ED0A00B806A1 /* Base */,
			);
			name = Main.storyboard;
			sourceTree = "<group>";
		};
		A56553581CB4ED0A00B806A1 /* LaunchScreen.storyboard */ = {
			isa = PBXVariantGroup;
			children = (
				A56553591CB4ED0A00B806A1 /* Base */,
			);
			name = LaunchScreen.storyboard;
			sourceTree = "<group>";
		};
		A56553731CB4ED3200B806A1 /* Main.storyboard */ = {
			isa = PBXVariantGroup;
			children = (
				A56553741CB4ED3200B806A1 /* Base */,
			);
			name = Main.storyboard;
			sourceTree = "<group>";
		};
		A56553781CB4ED3200B806A1 /* LaunchScreen.storyboard */ = {
			isa = PBXVariantGroup;
			children = (
				A56553791CB4ED3200B806A1 /* Base */,
			);
			name = LaunchScreen.storyboard;
			sourceTree = "<group>";
		};
/* End PBXVariantGroup section */

/* Begin XCBuildConfiguration section */
		A565535C1CB4ED0A00B806A1 /* Debug */ = {
			isa = XCBuildConfiguration;
			buildSettings = {
				ALWAYS_SEARCH_USER_PATHS = NO;
				CLANG_ANALYZER_NONNULL = YES;
				CLANG_CXX_LANGUAGE_STANDARD = "gnu++0x";
				CLANG_CXX_LIBRARY = "libc++";
				CLANG_ENABLE_MODULES = YES;
				CLANG_ENABLE_OBJC_ARC = YES;
				CLANG_WARN_BOOL_CONVERSION = YES;
				CLANG_WARN_CONSTANT_CONVERSION = YES;
				CLANG_WARN_DIRECT_OBJC_ISA_USAGE = YES_ERROR;
				CLANG_WARN_EMPTY_BODY = YES;
				CLANG_WARN_ENUM_CONVERSION = YES;
				CLANG_WARN_INT_CONVERSION = YES;
				CLANG_WARN_OBJC_ROOT_CLASS = YES_ERROR;
				CLANG_WARN_UNREACHABLE_CODE = YES;
				CLANG_WARN__DUPLICATE_METHOD_MATCH = YES;
				"CODE_SIGN_IDENTITY[sdk=iphoneos*]" = "iPhone Developer";
				COPY_PHASE_STRIP = NO;
				DEBUG_INFORMATION_FORMAT = dwarf;
				ENABLE_STRICT_OBJC_MSGSEND = YES;
				ENABLE_TESTABILITY = YES;
				GCC_C_LANGUAGE_STANDARD = gnu99;
				GCC_DYNAMIC_NO_PIC = NO;
				GCC_NO_COMMON_BLOCKS = YES;
				GCC_OPTIMIZATION_LEVEL = 0;
				GCC_PREPROCESSOR_DEFINITIONS = (
					"DEBUG=1",
					"$(inherited)",
				);
				GCC_WARN_64_TO_32_BIT_CONVERSION = YES;
				GCC_WARN_ABOUT_RETURN_TYPE = YES_ERROR;
				GCC_WARN_UNDECLARED_SELECTOR = YES;
				GCC_WARN_UNINITIALIZED_AUTOS = YES_AGGRESSIVE;
				GCC_WARN_UNUSED_FUNCTION = YES;
				GCC_WARN_UNUSED_VARIABLE = YES;
				IPHONEOS_DEPLOYMENT_TARGET = 9.3;
				MTL_ENABLE_DEBUG_INFO = YES;
				ONLY_ACTIVE_ARCH = YES;
				SDKROOT = iphoneos;
				TARGETED_DEVICE_FAMILY = "1,2";
			};
			name = Debug;
		};
		A565535D1CB4ED0A00B806A1 /* Release */ = {
			isa = XCBuildConfiguration;
			buildSettings = {
				ALWAYS_SEARCH_USER_PATHS = NO;
				CLANG_ANALYZER_NONNULL = YES;
				CLANG_CXX_LANGUAGE_STANDARD = "gnu++0x";
				CLANG_CXX_LIBRARY = "libc++";
				CLANG_ENABLE_MODULES = YES;
				CLANG_ENABLE_OBJC_ARC = YES;
				CLANG_WARN_BOOL_CONVERSION = YES;
				CLANG_WARN_CONSTANT_CONVERSION = YES;
				CLANG_WARN_DIRECT_OBJC_ISA_USAGE = YES_ERROR;
				CLANG_WARN_EMPTY_BODY = YES;
				CLANG_WARN_ENUM_CONVERSION = YES;
				CLANG_WARN_INT_CONVERSION = YES;
				CLANG_WARN_OBJC_ROOT_CLASS = YES_ERROR;
				CLANG_WARN_UNREACHABLE_CODE = YES;
				CLANG_WARN__DUPLICATE_METHOD_MATCH = YES;
				"CODE_SIGN_IDENTITY[sdk=iphoneos*]" = "iPhone Developer";
				COPY_PHASE_STRIP = NO;
				DEBUG_INFORMATION_FORMAT = "dwarf-with-dsym";
				ENABLE_NS_ASSERTIONS = NO;
				ENABLE_STRICT_OBJC_MSGSEND = YES;
				GCC_C_LANGUAGE_STANDARD = gnu99;
				GCC_NO_COMMON_BLOCKS = YES;
				GCC_WARN_64_TO_32_BIT_CONVERSION = YES;
				GCC_WARN_ABOUT_RETURN_TYPE = YES_ERROR;
				GCC_WARN_UNDECLARED_SELECTOR = YES;
				GCC_WARN_UNINITIALIZED_AUTOS = YES_AGGRESSIVE;
				GCC_WARN_UNUSED_FUNCTION = YES;
				GCC_WARN_UNUSED_VARIABLE = YES;
				IPHONEOS_DEPLOYMENT_TARGET = 9.3;
				MTL_ENABLE_DEBUG_INFO = NO;
				SDKROOT = iphoneos;
				TARGETED_DEVICE_FAMILY = "1,2";
				VALIDATE_PRODUCT = YES;
			};
			name = Release;
		};
		A565535F1CB4ED0A00B806A1 /* Debug */ = {
			isa = XCBuildConfiguration;
			buildSettings = {
				ASSETCATALOG_COMPILER_APPICON_NAME = AppIcon;
				INFOPLIST_FILE = Toys/Info.plist;
				LD_RUNPATH_SEARCH_PATHS = "$(inherited) @executable_path/Frameworks";
				PRODUCT_BUNDLE_IDENTIFIER = com.kingsoft.zeek.Toys;
				PRODUCT_NAME = "$(TARGET_NAME)";
			};
			name = Debug;
		};
		A56553601CB4ED0A00B806A1 /* Release */ = {
			isa = XCBuildConfiguration;
			buildSettings = {
				ASSETCATALOG_COMPILER_APPICON_NAME = AppIcon;
				INFOPLIST_FILE = Toys/Info.plist;
				LD_RUNPATH_SEARCH_PATHS = "$(inherited) @executable_path/Frameworks";
				PRODUCT_BUNDLE_IDENTIFIER = com.kingsoft.zeek.Toys;
				PRODUCT_NAME = "$(TARGET_NAME)";
			};
			name = Release;
		};
		A565537D1CB4ED3200B806A1 /* Debug */ = {
			isa = XCBuildConfiguration;
			buildSettings = {
				ASSETCATALOG_COMPILER_APPICON_NAME = AppIcon;
				INFOPLIST_FILE = "Master-Detail With Slide/Info.plist";
				LD_RUNPATH_SEARCH_PATHS = "$(inherited) @executable_path/Frameworks";
				PRODUCT_BUNDLE_IDENTIFIER = "com.kingsoft.zeek.Master-Detail-With-Slide";
				PRODUCT_NAME = "$(TARGET_NAME)";
			};
			name = Debug;
		};
		A565537E1CB4ED3200B806A1 /* Release */ = {
			isa = XCBuildConfiguration;
			buildSettings = {
				ASSETCATALOG_COMPILER_APPICON_NAME = AppIcon;
				INFOPLIST_FILE = "Master-Detail With Slide/Info.plist";
				LD_RUNPATH_SEARCH_PATHS = "$(inherited) @executable_path/Frameworks";
				PRODUCT_BUNDLE_IDENTIFIER = "com.kingsoft.zeek.Master-Detail-With-Slide";
				PRODUCT_NAME = "$(TARGET_NAME)";
			};
			name = Release;
		};
/* End XCBuildConfiguration section */

/* Begin XCConfigurationList section */
		A56553421CB4ED0A00B806A1 /* Build configuration list for PBXProject "Toys" */ = {
			isa = XCConfigurationList;
			buildConfigurations = (
				A565535C1CB4ED0A00B806A1 /* Debug */,
				A565535D1CB4ED0A00B806A1 /* Release */,
			);
			defaultConfigurationIsVisible = 0;
			defaultConfigurationName = Release;
		};
		A565535E1CB4ED0A00B806A1 /* Build configuration list for PBXNativeTarget "Toys" */ = {
			isa = XCConfigurationList;
			buildConfigurations = (
				A565535F1CB4ED0A00B806A1 /* Debug */,
				A56553601CB4ED0A00B806A1 /* Release */,
			);
			defaultConfigurationIsVisible = 0;
		};
		A565537C1CB4ED3200B806A1 /* Build configuration list for PBXNativeTarget "Master-Detail With Slide" */ = {
			isa = XCConfigurationList;
			buildConfigurations = (
				A565537D1CB4ED3200B806A1 /* Debug */,
				A565537E1CB4ED3200B806A1 /* Release */,
			);
			defaultConfigurationIsVisible = 0;
		};
/* End XCConfigurationList section */
	};
	rootObject = A565533F1CB4ED0A00B806A1 /* Project object */;
}
