// !$*UTF8*$!
{
	archiveVersion = 1;
	classes = {
	};
	objectVersion = 46;
	objects = {

/* Begin PBXBuildFile section */
		A505C7721D17F6970063588A /* main.m in Sources */ = {isa = PBXBuildFile; fileRef = A505C7711D17F6970063588A /* main.m */; };
		A505C7751D17F6970063588A /* AppDelegate.m in Sources */ = {isa = PBXBuildFile; fileRef = A505C7741D17F6970063588A /* AppDelegate.m */; };
		A505C7781D17F6970063588A /* ViewController.m in Sources */ = {isa = PBXBuildFile; fileRef = A505C7771D17F6970063588A /* ViewController.m */; };
		A505C77B1D17F6970063588A /* Main.storyboard in Resources */ = {isa = PBXBuildFile; fileRef = A505C7791D17F6970063588A /* Main.storyboard */; };
		A505C77D1D17F6970063588A /* Assets.xcassets in Resources */ = {isa = PBXBuildFile; fileRef = A505C77C1D17F6970063588A /* Assets.xcassets */; };
		A505C7801D17F6970063588A /* LaunchScreen.storyboard in Resources */ = {isa = PBXBuildFile; fileRef = A505C77E1D17F6970063588A /* LaunchScreen.storyboard */; };
		A505C7871D17F6BF0063588A /* Character.m in Sources */ = {isa = PBXBuildFile; fileRef = A505C7861D17F6BF0063588A /* Character.m */; };
		A505C78A1D17F7B00063588A /* CharacterBuilder.m in Sources */ = {isa = PBXBuildFile; fileRef = A505C7891D17F7B00063588A /* CharacterBuilder.m */; };
		A505C78D1D17F9750063588A /* StandardCharacterBuilder.m in Sources */ = {isa = PBXBuildFile; fileRef = A505C78C1D17F9750063588A /* StandardCharacterBuilder.m */; };
		A505C7901D18D0E00063588A /* ChasingGame.m in Sources */ = {isa = PBXBuildFile; fileRef = A505C78F1D18D0E00063588A /* ChasingGame.m */; };
		A541E6D01CE0962B00C6BF92 /* Vertex.m in Sources */ = {isa = PBXBuildFile; fileRef = A541E6CF1CE0962B00C6BF92 /* Vertex.m */; };
		A541E6D31CE16F6C00C6BF92 /* Dot.m in Sources */ = {isa = PBXBuildFile; fileRef = A541E6D21CE16F6C00C6BF92 /* Dot.m */; };
		A541E6D61CE1752400C6BF92 /* Stroke.m in Sources */ = {isa = PBXBuildFile; fileRef = A541E6D51CE1752400C6BF92 /* Stroke.m */; };
		A5BFED1B1CE466BC0000ED7A /* CanvasView.m in Sources */ = {isa = PBXBuildFile; fileRef = A5BFED1A1CE466BC0000ED7A /* CanvasView.m */; };
		A5BFED211CE4672E0000ED7A /* PaperCanvasView.m in Sources */ = {isa = PBXBuildFile; fileRef = A5BFED201CE4672E0000ED7A /* PaperCanvasView.m */; };
		A5BFED241CE4675C0000ED7A /* ClothCanvasView.m in Sources */ = {isa = PBXBuildFile; fileRef = A5BFED231CE4675C0000ED7A /* ClothCanvasView.m */; };
		A5BFED271CE468720000ED7A /* CanvasViewGenerator.m in Sources */ = {isa = PBXBuildFile; fileRef = A5BFED261CE468720000ED7A /* CanvasViewGenerator.m */; };
		A5BFED2B1CE4689C0000ED7A /* PaperCanvasViewGenerator.m in Sources */ = {isa = PBXBuildFile; fileRef = A5BFED2A1CE4689C0000ED7A /* PaperCanvasViewGenerator.m */; };
		A5BFED2E1CE468AD0000ED7A /* ClothCanvasViewGenerator.m in Sources */ = {isa = PBXBuildFile; fileRef = A5BFED2D1CE468AC0000ED7A /* ClothCanvasViewGenerator.m */; };
		A5BFED311CE46E350000ED7A /* CanvasViewController.m in Sources */ = {isa = PBXBuildFile; fileRef = A5BFED301CE46E350000ED7A /* CanvasViewController.m */; };
		A5F45D511CA50F130060ED01 /* main.m in Sources */ = {isa = PBXBuildFile; fileRef = A5F45D501CA50F130060ED01 /* main.m */; };
		A5F45D541CA50F130060ED01 /* AppDelegate.m in Sources */ = {isa = PBXBuildFile; fileRef = A5F45D531CA50F130060ED01 /* AppDelegate.m */; };
		A5F45D571CA50F130060ED01 /* ViewController.m in Sources */ = {isa = PBXBuildFile; fileRef = A5F45D561CA50F130060ED01 /* ViewController.m */; };
		A5F45D5A1CA50F130060ED01 /* Main.storyboard in Resources */ = {isa = PBXBuildFile; fileRef = A5F45D581CA50F130060ED01 /* Main.storyboard */; };
		A5F45D5C1CA50F130060ED01 /* Assets.xcassets in Resources */ = {isa = PBXBuildFile; fileRef = A5F45D5B1CA50F130060ED01 /* Assets.xcassets */; };
		A5F45D5F1CA50F130060ED01 /* LaunchScreen.storyboard in Resources */ = {isa = PBXBuildFile; fileRef = A5F45D5D1CA50F130060ED01 /* LaunchScreen.storyboard */; };
/* End PBXBuildFile section */

/* Begin PBXFileReference section */
		A505C76E1D17F6970063588A /* Chapter06.app */ = {isa = PBXFileReference; explicitFileType = wrapper.application; includeInIndex = 0; path = Chapter06.app; sourceTree = BUILT_PRODUCTS_DIR; };
		A505C7711D17F6970063588A /* main.m */ = {isa = PBXFileReference; lastKnownFileType = sourcecode.c.objc; path = main.m; sourceTree = "<group>"; };
		A505C7731D17F6970063588A /* AppDelegate.h */ = {isa = PBXFileReference; lastKnownFileType = sourcecode.c.h; path = AppDelegate.h; sourceTree = "<group>"; };
		A505C7741D17F6970063588A /* AppDelegate.m */ = {isa = PBXFileReference; lastKnownFileType = sourcecode.c.objc; path = AppDelegate.m; sourceTree = "<group>"; };
		A505C7761D17F6970063588A /* ViewController.h */ = {isa = PBXFileReference; lastKnownFileType = sourcecode.c.h; path = ViewController.h; sourceTree = "<group>"; };
		A505C7771D17F6970063588A /* ViewController.m */ = {isa = PBXFileReference; lastKnownFileType = sourcecode.c.objc; path = ViewController.m; sourceTree = "<group>"; };
		A505C77A1D17F6970063588A /* Base */ = {isa = PBXFileReference; lastKnownFileType = file.storyboard; name = Base; path = Base.lproj/Main.storyboard; sourceTree = "<group>"; };
		A505C77C1D17F6970063588A /* Assets.xcassets */ = {isa = PBXFileReference; lastKnownFileType = folder.assetcatalog; path = Assets.xcassets; sourceTree = "<group>"; };
		A505C77F1D17F6970063588A /* Base */ = {isa = PBXFileReference; lastKnownFileType = file.storyboard; name = Base; path = Base.lproj/LaunchScreen.storyboard; sourceTree = "<group>"; };
		A505C7811D17F6970063588A /* Info.plist */ = {isa = PBXFileReference; lastKnownFileType = text.plist.xml; path = Info.plist; sourceTree = "<group>"; };
		A505C7851D17F6BF0063588A /* Character.h */ = {isa = PBXFileReference; fileEncoding = 4; lastKnownFileType = sourcecode.c.h; path = Character.h; sourceTree = "<group>"; };
		A505C7861D17F6BF0063588A /* Character.m */ = {isa = PBXFileReference; fileEncoding = 4; lastKnownFileType = sourcecode.c.objc; path = Character.m; sourceTree = "<group>"; };
		A505C7881D17F7B00063588A /* CharacterBuilder.h */ = {isa = PBXFileReference; fileEncoding = 4; lastKnownFileType = sourcecode.c.h; path = CharacterBuilder.h; sourceTree = "<group>"; };
		A505C7891D17F7B00063588A /* CharacterBuilder.m */ = {isa = PBXFileReference; fileEncoding = 4; lastKnownFileType = sourcecode.c.objc; path = CharacterBuilder.m; sourceTree = "<group>"; };
		A505C78B1D17F9750063588A /* StandardCharacterBuilder.h */ = {isa = PBXFileReference; fileEncoding = 4; lastKnownFileType = sourcecode.c.h; path = StandardCharacterBuilder.h; sourceTree = "<group>"; };
		A505C78C1D17F9750063588A /* StandardCharacterBuilder.m */ = {isa = PBXFileReference; fileEncoding = 4; lastKnownFileType = sourcecode.c.objc; path = StandardCharacterBuilder.m; sourceTree = "<group>"; };
		A505C78E1D18D0E00063588A /* ChasingGame.h */ = {isa = PBXFileReference; fileEncoding = 4; lastKnownFileType = sourcecode.c.h; path = ChasingGame.h; sourceTree = "<group>"; };
		A505C78F1D18D0E00063588A /* ChasingGame.m */ = {isa = PBXFileReference; fileEncoding = 4; lastKnownFileType = sourcecode.c.objc; path = ChasingGame.m; sourceTree = "<group>"; };
		A53F750C1CDC92F20020467C /* Mark.h */ = {isa = PBXFileReference; fileEncoding = 4; lastKnownFileType = sourcecode.c.h; path = Mark.h; sourceTree = "<group>"; };
		A541E6CE1CE0962B00C6BF92 /* Vertex.h */ = {isa = PBXFileReference; fileEncoding = 4; lastKnownFileType = sourcecode.c.h; path = Vertex.h; sourceTree = "<group>"; };
		A541E6CF1CE0962B00C6BF92 /* Vertex.m */ = {isa = PBXFileReference; fileEncoding = 4; lastKnownFileType = sourcecode.c.objc; path = Vertex.m; sourceTree = "<group>"; };
		A541E6D11CE16F6C00C6BF92 /* Dot.h */ = {isa = PBXFileReference; fileEncoding = 4; lastKnownFileType = sourcecode.c.h; path = Dot.h; sourceTree = "<group>"; };
		A541E6D21CE16F6C00C6BF92 /* Dot.m */ = {isa = PBXFileReference; fileEncoding = 4; lastKnownFileType = sourcecode.c.objc; path = Dot.m; sourceTree = "<group>"; };
		A541E6D41CE1752400C6BF92 /* Stroke.h */ = {isa = PBXFileReference; fileEncoding = 4; lastKnownFileType = sourcecode.c.h; path = Stroke.h; sourceTree = "<group>"; };
		A541E6D51CE1752400C6BF92 /* Stroke.m */ = {isa = PBXFileReference; fileEncoding = 4; lastKnownFileType = sourcecode.c.objc; path = Stroke.m; sourceTree = "<group>"; };
		A5BFED191CE466BC0000ED7A /* CanvasView.h */ = {isa = PBXFileReference; fileEncoding = 4; lastKnownFileType = sourcecode.c.h; path = CanvasView.h; sourceTree = "<group>"; };
		A5BFED1A1CE466BC0000ED7A /* CanvasView.m */ = {isa = PBXFileReference; fileEncoding = 4; lastKnownFileType = sourcecode.c.objc; path = CanvasView.m; sourceTree = "<group>"; };
		A5BFED1F1CE4672E0000ED7A /* PaperCanvasView.h */ = {isa = PBXFileReference; fileEncoding = 4; lastKnownFileType = sourcecode.c.h; path = PaperCanvasView.h; sourceTree = "<group>"; };
		A5BFED201CE4672E0000ED7A /* PaperCanvasView.m */ = {isa = PBXFileReference; fileEncoding = 4; lastKnownFileType = sourcecode.c.objc; path = PaperCanvasView.m; sourceTree = "<group>"; };
		A5BFED221CE4675C0000ED7A /* ClothCanvasView.h */ = {isa = PBXFileReference; fileEncoding = 4; lastKnownFileType = sourcecode.c.h; path = ClothCanvasView.h; sourceTree = "<group>"; };
		A5BFED231CE4675C0000ED7A /* ClothCanvasView.m */ = {isa = PBXFileReference; fileEncoding = 4; lastKnownFileType = sourcecode.c.objc; path = ClothCanvasView.m; sourceTree = "<group>"; };
		A5BFED251CE468720000ED7A /* CanvasViewGenerator.h */ = {isa = PBXFileReference; fileEncoding = 4; lastKnownFileType = sourcecode.c.h; path = CanvasViewGenerator.h; sourceTree = "<group>"; };
		A5BFED261CE468720000ED7A /* CanvasViewGenerator.m */ = {isa = PBXFileReference; fileEncoding = 4; lastKnownFileType = sourcecode.c.objc; path = CanvasViewGenerator.m; sourceTree = "<group>"; };
		A5BFED291CE4689C0000ED7A /* PaperCanvasViewGenerator.h */ = {isa = PBXFileReference; fileEncoding = 4; lastKnownFileType = sourcecode.c.h; path = PaperCanvasViewGenerator.h; sourceTree = "<group>"; };
		A5BFED2A1CE4689C0000ED7A /* PaperCanvasViewGenerator.m */ = {isa = PBXFileReference; fileEncoding = 4; lastKnownFileType = sourcecode.c.objc; path = PaperCanvasViewGenerator.m; sourceTree = "<group>"; };
		A5BFED2C1CE468AC0000ED7A /* ClothCanvasViewGenerator.h */ = {isa = PBXFileReference; fileEncoding = 4; lastKnownFileType = sourcecode.c.h; path = ClothCanvasViewGenerator.h; sourceTree = "<group>"; };
		A5BFED2D1CE468AC0000ED7A /* ClothCanvasViewGenerator.m */ = {isa = PBXFileReference; fileEncoding = 4; lastKnownFileType = sourcecode.c.objc; path = ClothCanvasViewGenerator.m; sourceTree = "<group>"; };
		A5BFED2F1CE46E350000ED7A /* CanvasViewController.h */ = {isa = PBXFileReference; fileEncoding = 4; lastKnownFileType = sourcecode.c.h; path = CanvasViewController.h; sourceTree = "<group>"; };
		A5BFED301CE46E350000ED7A /* CanvasViewController.m */ = {isa = PBXFileReference; fileEncoding = 4; lastKnownFileType = sourcecode.c.objc; path = CanvasViewController.m; sourceTree = "<group>"; };
		A5F45D4C1CA50F130060ED01 /* Design Patterns With Objective-c Demo.app */ = {isa = PBXFileReference; explicitFileType = wrapper.application; includeInIndex = 0; path = "Design Patterns With Objective-c Demo.app"; sourceTree = BUILT_PRODUCTS_DIR; };
		A5F45D501CA50F130060ED01 /* main.m */ = {isa = PBXFileReference; lastKnownFileType = sourcecode.c.objc; path = main.m; sourceTree = "<group>"; };
		A5F45D521CA50F130060ED01 /* AppDelegate.h */ = {isa = PBXFileReference; lastKnownFileType = sourcecode.c.h; path = AppDelegate.h; sourceTree = "<group>"; };
		A5F45D531CA50F130060ED01 /* AppDelegate.m */ = {isa = PBXFileReference; lastKnownFileType = sourcecode.c.objc; path = AppDelegate.m; sourceTree = "<group>"; };
		A5F45D551CA50F130060ED01 /* ViewController.h */ = {isa = PBXFileReference; lastKnownFileType = sourcecode.c.h; path = ViewController.h; sourceTree = "<group>"; };
		A5F45D561CA50F130060ED01 /* ViewController.m */ = {isa = PBXFileReference; lastKnownFileType = sourcecode.c.objc; path = ViewController.m; sourceTree = "<group>"; };
		A5F45D591CA50F130060ED01 /* Base */ = {isa = PBXFileReference; lastKnownFileType = file.storyboard; name = Base; path = Base.lproj/Main.storyboard; sourceTree = "<group>"; };
		A5F45D5B1CA50F130060ED01 /* Assets.xcassets */ = {isa = PBXFileReference; lastKnownFileType = folder.assetcatalog; path = Assets.xcassets; sourceTree = "<group>"; };
		A5F45D5E1CA50F130060ED01 /* Base */ = {isa = PBXFileReference; lastKnownFileType = file.storyboard; name = Base; path = Base.lproj/LaunchScreen.storyboard; sourceTree = "<group>"; };
		A5F45D601CA50F130060ED01 /* Info.plist */ = {isa = PBXFileReference; lastKnownFileType = text.plist.xml; path = Info.plist; sourceTree = "<group>"; };
/* End PBXFileReference section */

/* Begin PBXFrameworksBuildPhase section */
		A505C76B1D17F6970063588A /* Frameworks */ = {
			isa = PBXFrameworksBuildPhase;
			buildActionMask = 2147483647;
			files = (
			);
			runOnlyForDeploymentPostprocessing = 0;
		};
		A5F45D491CA50F130060ED01 /* Frameworks */ = {
			isa = PBXFrameworksBuildPhase;
			buildActionMask = 2147483647;
			files = (
			);
			runOnlyForDeploymentPostprocessing = 0;
		};
/* End PBXFrameworksBuildPhase section */

/* Begin PBXGroup section */
		A505C76F1D17F6970063588A /* Chapter06 */ = {
			isa = PBXGroup;
			children = (
				A505C7731D17F6970063588A /* AppDelegate.h */,
				A505C7741D17F6970063588A /* AppDelegate.m */,
				A505C7761D17F6970063588A /* ViewController.h */,
				A505C7771D17F6970063588A /* ViewController.m */,
				A505C7791D17F6970063588A /* Main.storyboard */,
				A505C7851D17F6BF0063588A /* Character.h */,
				A505C7861D17F6BF0063588A /* Character.m */,
				A505C78E1D18D0E00063588A /* ChasingGame.h */,
				A505C78F1D18D0E00063588A /* ChasingGame.m */,
				A505C7881D17F7B00063588A /* CharacterBuilder.h */,
				A505C7891D17F7B00063588A /* CharacterBuilder.m */,
				A505C78B1D17F9750063588A /* StandardCharacterBuilder.h */,
				A505C78C1D17F9750063588A /* StandardCharacterBuilder.m */,
				A505C77C1D17F6970063588A /* Assets.xcassets */,
				A505C77E1D17F6970063588A /* LaunchScreen.storyboard */,
				A505C7811D17F6970063588A /* Info.plist */,
				A505C7701D17F6970063588A /* Supporting Files */,
			);
			path = Chapter06;
			sourceTree = "<group>";
		};
		A505C7701D17F6970063588A /* Supporting Files */ = {
			isa = PBXGroup;
			children = (
				A505C7711D17F6970063588A /* main.m */,
			);
			name = "Supporting Files";
			sourceTree = "<group>";
		};
		A5BFED1C1CE466C60000ED7A /* View */ = {
			isa = PBXGroup;
			children = (
				A5F45D581CA50F130060ED01 /* Main.storyboard */,
				A5BFED191CE466BC0000ED7A /* CanvasView.h */,
				A5BFED1A1CE466BC0000ED7A /* CanvasView.m */,
				A5BFED1F1CE4672E0000ED7A /* PaperCanvasView.h */,
				A5BFED201CE4672E0000ED7A /* PaperCanvasView.m */,
				A5BFED221CE4675C0000ED7A /* ClothCanvasView.h */,
				A5BFED231CE4675C0000ED7A /* ClothCanvasView.m */,
			);
			name = View;
			sourceTree = "<group>";
		};
		A5BFED1D1CE466CC0000ED7A /* Model */ = {
			isa = PBXGroup;
			children = (
				A53F750C1CDC92F20020467C /* Mark.h */,
				A541E6D41CE1752400C6BF92 /* Stroke.h */,
				A541E6D51CE1752400C6BF92 /* Stroke.m */,
				A541E6D11CE16F6C00C6BF92 /* Dot.h */,
				A541E6D21CE16F6C00C6BF92 /* Dot.m */,
				A541E6CE1CE0962B00C6BF92 /* Vertex.h */,
				A541E6CF1CE0962B00C6BF92 /* Vertex.m */,
			);
			name = Model;
			sourceTree = "<group>";
		};
		A5BFED1E1CE466DA0000ED7A /* Controller */ = {
			isa = PBXGroup;
			children = (
				A5F45D551CA50F130060ED01 /* ViewController.h */,
				A5F45D561CA50F130060ED01 /* ViewController.m */,
				A5BFED2F1CE46E350000ED7A /* CanvasViewController.h */,
				A5BFED301CE46E350000ED7A /* CanvasViewController.m */,
			);
			name = Controller;
			sourceTree = "<group>";
		};
		A5BFED281CE468780000ED7A /* Factory */ = {
			isa = PBXGroup;
			children = (
				A5BFED251CE468720000ED7A /* CanvasViewGenerator.h */,
				A5BFED261CE468720000ED7A /* CanvasViewGenerator.m */,
				A5BFED291CE4689C0000ED7A /* PaperCanvasViewGenerator.h */,
				A5BFED2A1CE4689C0000ED7A /* PaperCanvasViewGenerator.m */,
				A5BFED2C1CE468AC0000ED7A /* ClothCanvasViewGenerator.h */,
				A5BFED2D1CE468AC0000ED7A /* ClothCanvasViewGenerator.m */,
			);
			name = Factory;
			sourceTree = "<group>";
		};
		A5F45D431CA50F130060ED01 = {
			isa = PBXGroup;
			children = (
				A5F45D4E1CA50F130060ED01 /* Design Patterns With Objective-c Demo */,
				A505C76F1D17F6970063588A /* Chapter06 */,
				A5F45D4D1CA50F130060ED01 /* Products */,
			);
			sourceTree = "<group>";
		};
		A5F45D4D1CA50F130060ED01 /* Products */ = {
			isa = PBXGroup;
			children = (
				A5F45D4C1CA50F130060ED01 /* Design Patterns With Objective-c Demo.app */,
				A505C76E1D17F6970063588A /* Chapter06.app */,
			);
			name = Products;
			sourceTree = "<group>";
		};
		A5F45D4E1CA50F130060ED01 /* Design Patterns With Objective-c Demo */ = {
			isa = PBXGroup;
			children = (
				A5BFED1D1CE466CC0000ED7A /* Model */,
				A5BFED1C1CE466C60000ED7A /* View */,
				A5BFED1E1CE466DA0000ED7A /* Controller */,
				A5F45D521CA50F130060ED01 /* AppDelegate.h */,
				A5F45D531CA50F130060ED01 /* AppDelegate.m */,
				A5F45D5B1CA50F130060ED01 /* Assets.xcassets */,
				A5F45D5D1CA50F130060ED01 /* LaunchScreen.storyboard */,
				A5F45D601CA50F130060ED01 /* Info.plist */,
				A5F45D4F1CA50F130060ED01 /* Supporting Files */,
				A5BFED281CE468780000ED7A /* Factory */,
			);
			path = "Design Patterns With Objective-c Demo";
			sourceTree = "<group>";
		};
		A5F45D4F1CA50F130060ED01 /* Supporting Files */ = {
			isa = PBXGroup;
			children = (
				A5F45D501CA50F130060ED01 /* main.m */,
			);
			name = "Supporting Files";
			sourceTree = "<group>";
		};
/* End PBXGroup section */

/* Begin PBXNativeTarget section */
		A505C76D1D17F6970063588A /* Chapter06 */ = {
			isa = PBXNativeTarget;
			buildConfigurationList = A505C7841D17F6970063588A /* Build configuration list for PBXNativeTarget "Chapter06" */;
			buildPhases = (
				A505C76A1D17F6970063588A /* Sources */,
				A505C76B1D17F6970063588A /* Frameworks */,
				A505C76C1D17F6970063588A /* Resources */,
			);
			buildRules = (
			);
			dependencies = (
			);
			name = Chapter06;
			productName = Chapter06;
			productReference = A505C76E1D17F6970063588A /* Chapter06.app */;
			productType = "com.apple.product-type.application";
		};
		A5F45D4B1CA50F130060ED01 /* Design Patterns With Objective-c Demo */ = {
			isa = PBXNativeTarget;
			buildConfigurationList = A5F45D631CA50F130060ED01 /* Build configuration list for PBXNativeTarget "Design Patterns With Objective-c Demo" */;
			buildPhases = (
				A5F45D481CA50F130060ED01 /* Sources */,
				A5F45D491CA50F130060ED01 /* Frameworks */,
				A5F45D4A1CA50F130060ED01 /* Resources */,
			);
			buildRules = (
			);
			dependencies = (
			);
			name = "Design Patterns With Objective-c Demo";
			productName = "Design Patterns With Objective-c Demo";
			productReference = A5F45D4C1CA50F130060ED01 /* Design Patterns With Objective-c Demo.app */;
			productType = "com.apple.product-type.application";
		};
/* End PBXNativeTarget section */

/* Begin PBXProject section */
		A5F45D441CA50F130060ED01 /* Project object */ = {
			isa = PBXProject;
			attributes = {
				LastUpgradeCheck = 0720;
				ORGANIZATIONNAME = Zeek;
				TargetAttributes = {
					A505C76D1D17F6970063588A = {
						CreatedOnToolsVersion = 7.3.1;
					};
					A5F45D4B1CA50F130060ED01 = {
						CreatedOnToolsVersion = 7.2.1;
						DevelopmentTeam = X669CU522Z;
					};
				};
			};
			buildConfigurationList = A5F45D471CA50F130060ED01 /* Build configuration list for PBXProject "Design Patterns With Objective-c Demo" */;
			compatibilityVersion = "Xcode 3.2";
			developmentRegion = English;
			hasScannedForEncodings = 0;
			knownRegions = (
				en,
				Base,
			);
			mainGroup = A5F45D431CA50F130060ED01;
			productRefGroup = A5F45D4D1CA50F130060ED01 /* Products */;
			projectDirPath = "";
			projectRoot = "";
			targets = (
				A5F45D4B1CA50F130060ED01 /* Design Patterns With Objective-c Demo */,
				A505C76D1D17F6970063588A /* Chapter06 */,
			);
		};
/* End PBXProject section */

/* Begin PBXResourcesBuildPhase section */
		A505C76C1D17F6970063588A /* Resources */ = {
			isa = PBXResourcesBuildPhase;
			buildActionMask = 2147483647;
			files = (
				A505C7801D17F6970063588A /* LaunchScreen.storyboard in Resources */,
				A505C77D1D17F6970063588A /* Assets.xcassets in Resources */,
				A505C77B1D17F6970063588A /* Main.storyboard in Resources */,
			);
			runOnlyForDeploymentPostprocessing = 0;
		};
		A5F45D4A1CA50F130060ED01 /* Resources */ = {
			isa = PBXResourcesBuildPhase;
			buildActionMask = 2147483647;
			files = (
				A5F45D5F1CA50F130060ED01 /* LaunchScreen.storyboard in Resources */,
				A5F45D5C1CA50F130060ED01 /* Assets.xcassets in Resources */,
				A5F45D5A1CA50F130060ED01 /* Main.storyboard in Resources */,
			);
			runOnlyForDeploymentPostprocessing = 0;
		};
/* End PBXResourcesBuildPhase section */

/* Begin PBXSourcesBuildPhase section */
		A505C76A1D17F6970063588A /* Sources */ = {
			isa = PBXSourcesBuildPhase;
			buildActionMask = 2147483647;
			files = (
				A505C78A1D17F7B00063588A /* CharacterBuilder.m in Sources */,
				A505C7781D17F6970063588A /* ViewController.m in Sources */,
				A505C7751D17F6970063588A /* AppDelegate.m in Sources */,
				A505C7721D17F6970063588A /* main.m in Sources */,
				A505C78D1D17F9750063588A /* StandardCharacterBuilder.m in Sources */,
				A505C7901D18D0E00063588A /* ChasingGame.m in Sources */,
				A505C7871D17F6BF0063588A /* Character.m in Sources */,
			);
			runOnlyForDeploymentPostprocessing = 0;
		};
		A5F45D481CA50F130060ED01 /* Sources */ = {
			isa = PBXSourcesBuildPhase;
			buildActionMask = 2147483647;
			files = (
				A5BFED271CE468720000ED7A /* CanvasViewGenerator.m in Sources */,
				A5BFED2E1CE468AD0000ED7A /* ClothCanvasViewGenerator.m in Sources */,
				A5F45D571CA50F130060ED01 /* ViewController.m in Sources */,
				A5BFED311CE46E350000ED7A /* CanvasViewController.m in Sources */,
				A541E6D01CE0962B00C6BF92 /* Vertex.m in Sources */,
				A5BFED2B1CE4689C0000ED7A /* PaperCanvasViewGenerator.m in Sources */,
				A5BFED241CE4675C0000ED7A /* ClothCanvasView.m in Sources */,
				A5F45D541CA50F130060ED01 /* AppDelegate.m in Sources */,
				A5BFED211CE4672E0000ED7A /* PaperCanvasView.m in Sources */,
				A541E6D31CE16F6C00C6BF92 /* Dot.m in Sources */,
				A5BFED1B1CE466BC0000ED7A /* CanvasView.m in Sources */,
				A5F45D511CA50F130060ED01 /* main.m in Sources */,
				A541E6D61CE1752400C6BF92 /* Stroke.m in Sources */,
			);
			runOnlyForDeploymentPostprocessing = 0;
		};
/* End PBXSourcesBuildPhase section */

/* Begin PBXVariantGroup section */
		A505C7791D17F6970063588A /* Main.storyboard */ = {
			isa = PBXVariantGroup;
			children = (
				A505C77A1D17F6970063588A /* Base */,
			);
			name = Main.storyboard;
			sourceTree = "<group>";
		};
		A505C77E1D17F6970063588A /* LaunchScreen.storyboard */ = {
			isa = PBXVariantGroup;
			children = (
				A505C77F1D17F6970063588A /* Base */,
			);
			name = LaunchScreen.storyboard;
			sourceTree = "<group>";
		};
		A5F45D581CA50F130060ED01 /* Main.storyboard */ = {
			isa = PBXVariantGroup;
			children = (
				A5F45D591CA50F130060ED01 /* Base */,
			);
			name = Main.storyboard;
			sourceTree = "<group>";
		};
		A5F45D5D1CA50F130060ED01 /* LaunchScreen.storyboard */ = {
			isa = PBXVariantGroup;
			children = (
				A5F45D5E1CA50F130060ED01 /* Base */,
			);
			name = LaunchScreen.storyboard;
			sourceTree = "<group>";
		};
/* End PBXVariantGroup section */

/* Begin XCBuildConfiguration section */
		A505C7821D17F6970063588A /* Debug */ = {
			isa = XCBuildConfiguration;
			buildSettings = {
				ASSETCATALOG_COMPILER_APPICON_NAME = AppIcon;
				CLANG_ANALYZER_NONNULL = YES;
				CLANG_ANALYZER_SECURITY_INSECUREAPI_UNCHECKEDRETURN = NO;
				GCC_WARN_STRICT_SELECTOR_MATCH = YES;
				INFOPLIST_FILE = Chapter06/Info.plist;
				IPHONEOS_DEPLOYMENT_TARGET = 9.3;
				LD_RUNPATH_SEARCH_PATHS = "$(inherited) @executable_path/Frameworks";
				PRODUCT_BUNDLE_IDENTIFIER = com.kingsoft.zeek.Chapter06;
				PRODUCT_NAME = "$(TARGET_NAME)";
			};
			name = Debug;
		};
		A505C7831D17F6970063588A /* Release */ = {
			isa = XCBuildConfiguration;
			buildSettings = {
				ASSETCATALOG_COMPILER_APPICON_NAME = AppIcon;
				CLANG_ANALYZER_NONNULL = YES;
				CLANG_ANALYZER_SECURITY_INSECUREAPI_UNCHECKEDRETURN = NO;
				GCC_WARN_STRICT_SELECTOR_MATCH = YES;
				INFOPLIST_FILE = Chapter06/Info.plist;
				IPHONEOS_DEPLOYMENT_TARGET = 9.3;
				LD_RUNPATH_SEARCH_PATHS = "$(inherited) @executable_path/Frameworks";
				PRODUCT_BUNDLE_IDENTIFIER = com.kingsoft.zeek.Chapter06;
				PRODUCT_NAME = "$(TARGET_NAME)";
			};
			name = Release;
		};
		A5F45D611CA50F130060ED01 /* Debug */ = {
			isa = XCBuildConfiguration;
			buildSettings = {
				ALWAYS_SEARCH_USER_PATHS = NO;
				CLANG_CXX_LANGUAGE_STANDARD = "gnu++0x";
				CLANG_CXX_LIBRARY = "libc++";
				CLANG_ENABLE_MODULES = YES;
				CLANG_ENABLE_OBJC_ARC = YES;
				CLANG_WARN_BOOL_CONVERSION = YES;
				CLANG_WARN_CONSTANT_CONVERSION = YES;
				CLANG_WARN_DIRECT_OBJC_ISA_USAGE = YES_ERROR;
				CLANG_WARN_EMPTY_BODY = YES;
				CLANG_WARN_ENUM_CONVERSION = YES;
				CLANG_WARN_INT_CONVERSION = YES;
				CLANG_WARN_OBJC_ROOT_CLASS = YES_ERROR;
				CLANG_WARN_UNREACHABLE_CODE = YES;
				CLANG_WARN__DUPLICATE_METHOD_MATCH = YES;
				"CODE_SIGN_IDENTITY[sdk=iphoneos*]" = "iPhone Developer";
				COPY_PHASE_STRIP = NO;
				DEBUG_INFORMATION_FORMAT = dwarf;
				ENABLE_STRICT_OBJC_MSGSEND = YES;
				ENABLE_TESTABILITY = YES;
				GCC_C_LANGUAGE_STANDARD = gnu99;
				GCC_DYNAMIC_NO_PIC = NO;
				GCC_NO_COMMON_BLOCKS = YES;
				GCC_OPTIMIZATION_LEVEL = 0;
				GCC_PREPROCESSOR_DEFINITIONS = (
					"DEBUG=1",
					"$(inherited)",
				);
				GCC_WARN_64_TO_32_BIT_CONVERSION = YES;
				GCC_WARN_ABOUT_RETURN_TYPE = YES_ERROR;
				GCC_WARN_UNDECLARED_SELECTOR = YES;
				GCC_WARN_UNINITIALIZED_AUTOS = YES_AGGRESSIVE;
				GCC_WARN_UNUSED_FUNCTION = YES;
				GCC_WARN_UNUSED_VARIABLE = YES;
				IPHONEOS_DEPLOYMENT_TARGET = 9.2;
				MTL_ENABLE_DEBUG_INFO = YES;
				ONLY_ACTIVE_ARCH = YES;
				SDKROOT = iphoneos;
				TARGETED_DEVICE_FAMILY = "1,2";
			};
			name = Debug;
		};
		A5F45D621CA50F130060ED01 /* Release */ = {
			isa = XCBuildConfiguration;
			buildSettings = {
				ALWAYS_SEARCH_USER_PATHS = NO;
				CLANG_CXX_LANGUAGE_STANDARD = "gnu++0x";
				CLANG_CXX_LIBRARY = "libc++";
				CLANG_ENABLE_MODULES = YES;
				CLANG_ENABLE_OBJC_ARC = YES;
				CLANG_WARN_BOOL_CONVERSION = YES;
				CLANG_WARN_CONSTANT_CONVERSION = YES;
				CLANG_WARN_DIRECT_OBJC_ISA_USAGE = YES_ERROR;
				CLANG_WARN_EMPTY_BODY = YES;
				CLANG_WARN_ENUM_CONVERSION = YES;
				CLANG_WARN_INT_CONVERSION = YES;
				CLANG_WARN_OBJC_ROOT_CLASS = YES_ERROR;
				CLANG_WARN_UNREACHABLE_CODE = YES;
				CLANG_WARN__DUPLICATE_METHOD_MATCH = YES;
				"CODE_SIGN_IDENTITY[sdk=iphoneos*]" = "iPhone Developer";
				COPY_PHASE_STRIP = NO;
				DEBUG_INFORMATION_FORMAT = "dwarf-with-dsym";
				ENABLE_NS_ASSERTIONS = NO;
				ENABLE_STRICT_OBJC_MSGSEND = YES;
				GCC_C_LANGUAGE_STANDARD = gnu99;
				GCC_NO_COMMON_BLOCKS = YES;
				GCC_WARN_64_TO_32_BIT_CONVERSION = YES;
				GCC_WARN_ABOUT_RETURN_TYPE = YES_ERROR;
				GCC_WARN_UNDECLARED_SELECTOR = YES;
				GCC_WARN_UNINITIALIZED_AUTOS = YES_AGGRESSIVE;
				GCC_WARN_UNUSED_FUNCTION = YES;
				GCC_WARN_UNUSED_VARIABLE = YES;
				IPHONEOS_DEPLOYMENT_TARGET = 9.2;
				MTL_ENABLE_DEBUG_INFO = NO;
				SDKROOT = iphoneos;
				TARGETED_DEVICE_FAMILY = "1,2";
				VALIDATE_PRODUCT = YES;
			};
			name = Release;
		};
		A5F45D641CA50F130060ED01 /* Debug */ = {
			isa = XCBuildConfiguration;
			buildSettings = {
				ASSETCATALOG_COMPILER_APPICON_NAME = AppIcon;
				CODE_SIGN_IDENTITY = "iPhone Developer";
				"CODE_SIGN_IDENTITY[sdk=iphoneos*]" = "iPhone Developer";
				INFOPLIST_FILE = "Design Patterns With Objective-c Demo/Info.plist";
				LD_RUNPATH_SEARCH_PATHS = "$(inherited) @executable_path/Frameworks";
				PRODUCT_BUNDLE_IDENTIFIER = "com.kingsoft.zeek.Design-Patterns-With-Objective-c-Demo";
				PRODUCT_NAME = "$(TARGET_NAME)";
				PROVISIONING_PROFILE = "";
			};
			name = Debug;
		};
		A5F45D651CA50F130060ED01 /* Release */ = {
			isa = XCBuildConfiguration;
			buildSettings = {
				ASSETCATALOG_COMPILER_APPICON_NAME = AppIcon;
				CODE_SIGN_IDENTITY = "iPhone Developer";
				"CODE_SIGN_IDENTITY[sdk=iphoneos*]" = "iPhone Developer";
				INFOPLIST_FILE = "Design Patterns With Objective-c Demo/Info.plist";
				LD_RUNPATH_SEARCH_PATHS = "$(inherited) @executable_path/Frameworks";
				PRODUCT_BUNDLE_IDENTIFIER = "com.kingsoft.zeek.Design-Patterns-With-Objective-c-Demo";
				PRODUCT_NAME = "$(TARGET_NAME)";
				PROVISIONING_PROFILE = "";
			};
			name = Release;
		};
/* End XCBuildConfiguration section */

/* Begin XCConfigurationList section */
		A505C7841D17F6970063588A /* Build configuration list for PBXNativeTarget "Chapter06" */ = {
			isa = XCConfigurationList;
			buildConfigurations = (
				A505C7821D17F6970063588A /* Debug */,
				A505C7831D17F6970063588A /* Release */,
			);
			defaultConfigurationIsVisible = 0;
		};
		A5F45D471CA50F130060ED01 /* Build configuration list for PBXProject "Design Patterns With Objective-c Demo" */ = {
			isa = XCConfigurationList;
			buildConfigurations = (
				A5F45D611CA50F130060ED01 /* Debug */,
				A5F45D621CA50F130060ED01 /* Release */,
			);
			defaultConfigurationIsVisible = 0;
			defaultConfigurationName = Release;
		};
		A5F45D631CA50F130060ED01 /* Build configuration list for PBXNativeTarget "Design Patterns With Objective-c Demo" */ = {
			isa = XCConfigurationList;
			buildConfigurations = (
				A5F45D641CA50F130060ED01 /* Debug */,
				A5F45D651CA50F130060ED01 /* Release */,
			);
			defaultConfigurationIsVisible = 0;
			defaultConfigurationName = Release;
		};
/* End XCConfigurationList section */
	};
	rootObject = A5F45D441CA50F130060ED01 /* Project object */;
}
